PODS:
  - Alamofire (4.8.2)
  - DZNEmptyDataSet (1.8.1)
  - MBProgressHUD (1.1.0)
  - MJRefresh (3.2.0)
  - SwiftyJSON (5.0.0)
  - "UITextView+Placeholder (1.2.1)"
  - UnsplashPhotoPicker (1.0.1)

DEPENDENCIES:
  - Alamofire
  - DZNEmptyDataSet
  - MBProgressHUD
  - MJRefresh
  - SwiftyJSON
  - "UITextView+Placeholder"
  - UnsplashPhotoPicker

SPEC REPOS:
  https://github.com/cocoapods/specs.git:
    - Alamofire
    - DZNEmptyDataSet
    - MBProgressHUD
    - MJRefresh
    - SwiftyJSON
    - "UITextView+Placeholder"
    - UnsplashPhotoPicker

SPEC CHECKSUMS:
  Alamofire: ae5c501addb7afdbb13687d7f2f722c78734c2d3
  DZNEmptyDataSet: 9525833b9e68ac21c30253e1d3d7076cc828eaa7
  MBProgressHUD: e7baa36a220447d8aeb12769bf0585582f3866d9
  MJRefresh: ed450d6eb9d3346a2cb033ab7eb6de090aeef437
  SwiftyJSON: 36413e04c44ee145039d332b4f4e2d3e8d6c4db7
  "UITextView+Placeholder": 0c3efd97f37ea64bde7f34cc6e90fe02e87b3909
  UnsplashPhotoPicker: 3669aef6d3cd8bc45f19d681eef0af5920325c79

PODFILE CHECKSUM: 5d6c93118baad6c3ee65b157261aad8ff7562c8b

COCOAPODS: 1.7.0.rc.2
