// !$*UTF8*$!
{
	archiveVersion = 1;
	classes = {
	};
	objectVersion = 46;
	objects = {

/* Begin PBXBuildFile section */
		9401C5621D179399001B5148 /* ImageCell.swift in Sources */ = {isa = PBXBuildFile; fileRef = 9401C5611D179399001B5148 /* ImageCell.swift */; };
		9401C5641D17945A001B5148 /* ImageTableView.swift in Sources */ = {isa = PBXBuildFile; fileRef = 9401C5631D17945A001B5148 /* ImageTableView.swift */; };
		9419E1EE1D17AEC100FAE085 /* SizeCell.swift in Sources */ = {isa = PBXBuildFile; fileRef = 9419E1ED1D17AEC100FAE085 /* SizeCell.swift */; };
		9419E1F01D17B6EF00FAE085 /* RegionCell.swift in Sources */ = {isa = PBXBuildFile; fileRef = 9419E1EF1D17B6EF00FAE085 /* RegionCell.swift */; };
		9419E1F21D17BAA500FAE085 /* SSHKeyCell.swift in Sources */ = {isa = PBXBuildFile; fileRef = 9419E1F11D17BAA500FAE085 /* SSHKeyCell.swift */; };
		9430C2501D167EAE0033F819 /* AddNewDroplet.swift in Sources */ = {isa = PBXBuildFile; fileRef = 9430C24F1D167EAE0033F819 /* AddNewDroplet.swift */; };
		9430C2541D16AA0E0033F819 /* SizeTableView.swift in Sources */ = {isa = PBXBuildFile; fileRef = 9430C2531D16AA0E0033F819 /* SizeTableView.swift */; };
		9430C2561D16AA1D0033F819 /* RegionTableView.swift in Sources */ = {isa = PBXBuildFile; fileRef = 9430C2551D16AA1D0033F819 /* RegionTableView.swift */; };
		9430C2581D16AA290033F819 /* SSHKeyTableView.swift in Sources */ = {isa = PBXBuildFile; fileRef = 9430C2571D16AA290033F819 /* SSHKeyTableView.swift */; };
		9430C25A1D16B0460033F819 /* AddNewSSHKey.swift in Sources */ = {isa = PBXBuildFile; fileRef = 9430C2591D16B0460033F819 /* AddNewSSHKey.swift */; };
		943FE2AD1D07BDB900877358 /* AppDelegate.swift in Sources */ = {isa = PBXBuildFile; fileRef = 943FE2AC1D07BDB900877358 /* AppDelegate.swift */; };
		943FE2B21D07BDB900877358 /* Main.storyboard in Resources */ = {isa = PBXBuildFile; fileRef = 943FE2B01D07BDB900877358 /* Main.storyboard */; };
		943FE2B41D07BDB900877358 /* Assets.xcassets in Resources */ = {isa = PBXBuildFile; fileRef = 943FE2B31D07BDB900877358 /* Assets.xcassets */; };
		943FE2B71D07BDB900877358 /* LaunchScreen.storyboard in Resources */ = {isa = PBXBuildFile; fileRef = 943FE2B51D07BDB900877358 /* LaunchScreen.storyboard */; };
		94B7E4E31D190D6E0039483B /* Global.swift in Sources */ = {isa = PBXBuildFile; fileRef = 94B7E4E21D190D6E0039483B /* Global.swift */; };
		94D1E0F61D0D5FF50043E41D /* Account.swift in Sources */ = {isa = PBXBuildFile; fileRef = 94D1E0F51D0D5FF50043E41D /* Account.swift */; };
		94D1E0F91D0E4C980043E41D /* Config.swift in Sources */ = {isa = PBXBuildFile; fileRef = 94D1E0F81D0E4C980043E41D /* Config.swift */; };
		94D1E0FD1D0E4CB40043E41D /* Login.swift in Sources */ = {isa = PBXBuildFile; fileRef = 94D1E0FC1D0E4CB40043E41D /* Login.swift */; };
		94D3B4A01D0E6C42001E8807 /* DropletsCell.swift in Sources */ = {isa = PBXBuildFile; fileRef = 94D3B49F1D0E6C42001E8807 /* DropletsCell.swift */; };
		94D3B4A31D0E7639001E8807 /* AccountController.swift in Sources */ = {isa = PBXBuildFile; fileRef = 94D3B4A21D0E7639001E8807 /* AccountController.swift */; };
		94D3B4AB1D0E80E9001E8807 /* DropletsViewController.swift in Sources */ = {isa = PBXBuildFile; fileRef = 94D3B4AA1D0E80E9001E8807 /* DropletsViewController.swift */; };
		94D3B4AD1D0E80F0001E8807 /* DropletDetail.swift in Sources */ = {isa = PBXBuildFile; fileRef = 94D3B4AC1D0E80F0001E8807 /* DropletDetail.swift */; };
		94D3B4B11D0E8191001E8807 /* Tools.swift in Sources */ = {isa = PBXBuildFile; fileRef = 94D3B4B01D0E8191001E8807 /* Tools.swift */; };
		94D3B4B51D0E8D29001E8807 /* Droplet.swift in Sources */ = {isa = PBXBuildFile; fileRef = 94D3B4B41D0E8D29001E8807 /* Droplet.swift */; };
		C11004C58401747FB8306EA5 /* Pods_MagicOcean.framework in Frameworks */ = {isa = PBXBuildFile; fileRef = DBDEBBCB4B4AB0BA61DDB4AA /* Pods_MagicOcean.framework */; };
/* End PBXBuildFile section */

/* Begin PBXFileReference section */
		388827E9E6C6D01607D0C00D /* Pods-MagicOcean.release.xcconfig */ = {isa = PBXFileReference; includeInIndex = 1; lastKnownFileType = text.xcconfig; name = "Pods-MagicOcean.release.xcconfig"; path = "Pods/Target Support Files/Pods-MagicOcean/Pods-MagicOcean.release.xcconfig"; sourceTree = "<group>"; };
		7813C4F4B9350F5BD05753C3 /* Pods-MagicOcean.debug.xcconfig */ = {isa = PBXFileReference; includeInIndex = 1; lastKnownFileType = text.xcconfig; name = "Pods-MagicOcean.debug.xcconfig"; path = "Pods/Target Support Files/Pods-MagicOcean/Pods-MagicOcean.debug.xcconfig"; sourceTree = "<group>"; };
		9401C5611D179399001B5148 /* ImageCell.swift */ = {isa = PBXFileReference; fileEncoding = 4; lastKnownFileType = sourcecode.swift; name = ImageCell.swift; path = View/ImageCell.swift; sourceTree = "<group>"; };
		9401C5631D17945A001B5148 /* ImageTableView.swift */ = {isa = PBXFileReference; fileEncoding = 4; lastKnownFileType = sourcecode.swift; name = ImageTableView.swift; path = ViewControllers/ImageTableView.swift; sourceTree = "<group>"; };
		9419E1ED1D17AEC100FAE085 /* SizeCell.swift */ = {isa = PBXFileReference; fileEncoding = 4; lastKnownFileType = sourcecode.swift; name = SizeCell.swift; path = View/SizeCell.swift; sourceTree = "<group>"; };
		9419E1EF1D17B6EF00FAE085 /* RegionCell.swift */ = {isa = PBXFileReference; fileEncoding = 4; lastKnownFileType = sourcecode.swift; name = RegionCell.swift; path = View/RegionCell.swift; sourceTree = "<group>"; };
		9419E1F11D17BAA500FAE085 /* SSHKeyCell.swift */ = {isa = PBXFileReference; fileEncoding = 4; lastKnownFileType = sourcecode.swift; name = SSHKeyCell.swift; path = View/SSHKeyCell.swift; sourceTree = "<group>"; };
		9430C24F1D167EAE0033F819 /* AddNewDroplet.swift */ = {isa = PBXFileReference; fileEncoding = 4; lastKnownFileType = sourcecode.swift; name = AddNewDroplet.swift; path = ViewControllers/Add/AddNewDroplet.swift; sourceTree = "<group>"; };
		9430C2531D16AA0E0033F819 /* SizeTableView.swift */ = {isa = PBXFileReference; fileEncoding = 4; lastKnownFileType = sourcecode.swift; name = SizeTableView.swift; path = ViewControllers/SizeTableView.swift; sourceTree = "<group>"; };
		9430C2551D16AA1D0033F819 /* RegionTableView.swift */ = {isa = PBXFileReference; fileEncoding = 4; lastKnownFileType = sourcecode.swift; name = RegionTableView.swift; path = ViewControllers/RegionTableView.swift; sourceTree = "<group>"; };
		9430C2571D16AA290033F819 /* SSHKeyTableView.swift */ = {isa = PBXFileReference; fileEncoding = 4; lastKnownFileType = sourcecode.swift; name = SSHKeyTableView.swift; path = ViewControllers/SSHKeyTableView.swift; sourceTree = "<group>"; };
		9430C2591D16B0460033F819 /* AddNewSSHKey.swift */ = {isa = PBXFileReference; fileEncoding = 4; lastKnownFileType = sourcecode.swift; name = AddNewSSHKey.swift; path = ViewControllers/AddNewSSHKey.swift; sourceTree = "<group>"; };
		943FE2A91D07BDB800877358 /* MagicOcean.app */ = {isa = PBXFileReference; explicitFileType = wrapper.application; includeInIndex = 0; path = MagicOcean.app; sourceTree = BUILT_PRODUCTS_DIR; };
		943FE2AC1D07BDB900877358 /* AppDelegate.swift */ = {isa = PBXFileReference; lastKnownFileType = sourcecode.swift; path = AppDelegate.swift; sourceTree = "<group>"; };
		943FE2B11D07BDB900877358 /* Base */ = {isa = PBXFileReference; lastKnownFileType = file.storyboard; name = Base; path = Base.lproj/Main.storyboard; sourceTree = "<group>"; };
		943FE2B31D07BDB900877358 /* Assets.xcassets */ = {isa = PBXFileReference; lastKnownFileType = folder.assetcatalog; path = Assets.xcassets; sourceTree = "<group>"; };
		943FE2B61D07BDB900877358 /* Base */ = {isa = PBXFileReference; lastKnownFileType = file.storyboard; name = Base; path = Base.lproj/LaunchScreen.storyboard; sourceTree = "<group>"; };
		943FE2B81D07BDB900877358 /* Info.plist */ = {isa = PBXFileReference; lastKnownFileType = text.plist.xml; path = Info.plist; sourceTree = "<group>"; };
		94B7E4E21D190D6E0039483B /* Global.swift */ = {isa = PBXFileReference; fileEncoding = 4; lastKnownFileType = sourcecode.swift; name = Global.swift; path = Config/Global.swift; sourceTree = "<group>"; };
		94D1E0F51D0D5FF50043E41D /* Account.swift */ = {isa = PBXFileReference; fileEncoding = 4; lastKnownFileType = sourcecode.swift; name = Account.swift; path = Data/Account.swift; sourceTree = "<group>"; };
		94D1E0F81D0E4C980043E41D /* Config.swift */ = {isa = PBXFileReference; fileEncoding = 4; lastKnownFileType = sourcecode.swift; name = Config.swift; path = Config/Config.swift; sourceTree = "<group>"; };
		94D1E0FC1D0E4CB40043E41D /* Login.swift */ = {isa = PBXFileReference; fileEncoding = 4; lastKnownFileType = sourcecode.swift; name = Login.swift; path = ViewControllers/Login/Login.swift; sourceTree = "<group>"; };
		94D3B49F1D0E6C42001E8807 /* DropletsCell.swift */ = {isa = PBXFileReference; fileEncoding = 4; lastKnownFileType = sourcecode.swift; name = DropletsCell.swift; path = View/DropletsCell.swift; sourceTree = "<group>"; };
		94D3B4A21D0E7639001E8807 /* AccountController.swift */ = {isa = PBXFileReference; fileEncoding = 4; lastKnownFileType = sourcecode.swift; name = AccountController.swift; path = ViewControllers/Account/AccountController.swift; sourceTree = "<group>"; };
		94D3B4AA1D0E80E9001E8807 /* DropletsViewController.swift */ = {isa = PBXFileReference; fileEncoding = 4; lastKnownFileType = sourcecode.swift; name = DropletsViewController.swift; path = ViewControllers/Droplets/DropletsViewController.swift; sourceTree = "<group>"; };
		94D3B4AC1D0E80F0001E8807 /* DropletDetail.swift */ = {isa = PBXFileReference; fileEncoding = 4; lastKnownFileType = sourcecode.swift; name = DropletDetail.swift; path = ViewControllers/Droplet/DropletDetail.swift; sourceTree = "<group>"; };
		94D3B4B01D0E8191001E8807 /* Tools.swift */ = {isa = PBXFileReference; fileEncoding = 4; lastKnownFileType = sourcecode.swift; name = Tools.swift; path = Tools/Tools.swift; sourceTree = "<group>"; };
		94D3B4B41D0E8D29001E8807 /* Droplet.swift */ = {isa = PBXFileReference; fileEncoding = 4; lastKnownFileType = sourcecode.swift; name = Droplet.swift; path = Data/Droplet.swift; sourceTree = "<group>"; };
		DBDEBBCB4B4AB0BA61DDB4AA /* Pods_MagicOcean.framework */ = {isa = PBXFileReference; explicitFileType = wrapper.framework; includeInIndex = 0; path = Pods_MagicOcean.framework; sourceTree = BUILT_PRODUCTS_DIR; };
/* End PBXFileReference section */

/* Begin PBXFrameworksBuildPhase section */
		943FE2A61D07BDB800877358 /* Frameworks */ = {
			isa = PBXFrameworksBuildPhase;
			buildActionMask = 2147483647;
			files = (
				C11004C58401747FB8306EA5 /* Pods_MagicOcean.framework in Frameworks */,
			);
			runOnlyForDeploymentPostprocessing = 0;
		};
/* End PBXFrameworksBuildPhase section */

/* Begin PBXGroup section */
		90C612BE4098F4933DF878A3 /* Pods */ = {
			isa = PBXGroup;
			children = (
				7813C4F4B9350F5BD05753C3 /* Pods-MagicOcean.debug.xcconfig */,
				388827E9E6C6D01607D0C00D /* Pods-MagicOcean.release.xcconfig */,
			);
			name = Pods;
			sourceTree = "<group>";
		};
		9430C24E1D167E8D0033F819 /* Add */ = {
			isa = PBXGroup;
			children = (
				9430C24F1D167EAE0033F819 /* AddNewDroplet.swift */,
			);
			name = Add;
			sourceTree = "<group>";
		};
		943FE2A01D07BDB800877358 = {
			isa = PBXGroup;
			children = (
				943FE2AB1D07BDB900877358 /* MagicOcean */,
				943FE2AA1D07BDB800877358 /* Products */,
				90C612BE4098F4933DF878A3 /* Pods */,
				9F341F53EBA485B090A259AB /* Frameworks */,
			);
			sourceTree = "<group>";
		};
		943FE2AA1D07BDB800877358 /* Products */ = {
			isa = PBXGroup;
			children = (
				943FE2A91D07BDB800877358 /* MagicOcean.app */,
			);
			name = Products;
			sourceTree = "<group>";
		};
		943FE2AB1D07BDB900877358 /* MagicOcean */ = {
			isa = PBXGroup;
			children = (
				94D1E0EE1D0D5FDA0043E41D /* Data */,
				943FE2BE1D07BE0000877358 /* Tools */,
				943FE2C41D07BEB400877358 /* Config */,
				943FE2C01D07BE2800877358 /* View */,
				943FE2BF1D07BE0600877358 /* ViewControllers */,
				943FE2C31D07BE5500877358 /* Layout */,
				943FE2C11D07BE3000877358 /* Supporting Files */,
			);
			path = MagicOcean;
			sourceTree = "<group>";
		};
		943FE2BE1D07BE0000877358 /* Tools */ = {
			isa = PBXGroup;
			children = (
				94D3B4B01D0E8191001E8807 /* Tools.swift */,
			);
			name = Tools;
			sourceTree = "<group>";
		};
		943FE2BF1D07BE0600877358 /* ViewControllers */ = {
			isa = PBXGroup;
			children = (
				9430C24E1D167E8D0033F819 /* Add */,
				94D3B4A91D0E80B0001E8807 /* Droplets */,
				94D3B4A61D0E7EFF001E8807 /* Droplet */,
				94D3B4A11D0E761E001E8807 /* Account */,
				94D1E0F71D0E4C150043E41D /* Login */,
				9401C5631D17945A001B5148 /* ImageTableView.swift */,
				9430C2531D16AA0E0033F819 /* SizeTableView.swift */,
				9430C2551D16AA1D0033F819 /* RegionTableView.swift */,
				9430C2571D16AA290033F819 /* SSHKeyTableView.swift */,
				9430C2591D16B0460033F819 /* AddNewSSHKey.swift */,
			);
			name = ViewControllers;
			sourceTree = "<group>";
		};
		943FE2C01D07BE2800877358 /* View */ = {
			isa = PBXGroup;
			children = (
				94D3B49F1D0E6C42001E8807 /* DropletsCell.swift */,
				9401C5611D179399001B5148 /* ImageCell.swift */,
				9419E1ED1D17AEC100FAE085 /* SizeCell.swift */,
				9419E1EF1D17B6EF00FAE085 /* RegionCell.swift */,
				9419E1F11D17BAA500FAE085 /* SSHKeyCell.swift */,
			);
			name = View;
			sourceTree = "<group>";
		};
		943FE2C11D07BE3000877358 /* Supporting Files */ = {
			isa = PBXGroup;
			children = (
				943FE2AC1D07BDB900877358 /* AppDelegate.swift */,
				943FE2B31D07BDB900877358 /* Assets.xcassets */,
				943FE2B81D07BDB900877358 /* Info.plist */,
			);
			name = "Supporting Files";
			sourceTree = "<group>";
		};
		943FE2C31D07BE5500877358 /* Layout */ = {
			isa = PBXGroup;
			children = (
				943FE2B01D07BDB900877358 /* Main.storyboard */,
				943FE2B51D07BDB900877358 /* LaunchScreen.storyboard */,
			);
			name = Layout;
			sourceTree = "<group>";
		};
		943FE2C41D07BEB400877358 /* Config */ = {
			isa = PBXGroup;
			children = (
				94B7E4E21D190D6E0039483B /* Global.swift */,
				94D1E0F81D0E4C980043E41D /* Config.swift */,
			);
			name = Config;
			sourceTree = "<group>";
		};
		94D1E0EE1D0D5FDA0043E41D /* Data */ = {
			isa = PBXGroup;
			children = (
				94D1E0F51D0D5FF50043E41D /* Account.swift */,
				94D3B4B41D0E8D29001E8807 /* Droplet.swift */,
			);
			name = Data;
			sourceTree = "<group>";
		};
		94D1E0F71D0E4C150043E41D /* Login */ = {
			isa = PBXGroup;
			children = (
				94D1E0FC1D0E4CB40043E41D /* Login.swift */,
			);
			name = Login;
			sourceTree = "<group>";
		};
		94D3B4A11D0E761E001E8807 /* Account */ = {
			isa = PBXGroup;
			children = (
				94D3B4A21D0E7639001E8807 /* AccountController.swift */,
			);
			name = Account;
			sourceTree = "<group>";
		};
		94D3B4A61D0E7EFF001E8807 /* Droplet */ = {
			isa = PBXGroup;
			children = (
				94D3B4AC1D0E80F0001E8807 /* DropletDetail.swift */,
			);
			name = Droplet;
			sourceTree = "<group>";
		};
		94D3B4A91D0E80B0001E8807 /* Droplets */ = {
			isa = PBXGroup;
			children = (
				94D3B4AA1D0E80E9001E8807 /* DropletsViewController.swift */,
			);
			name = Droplets;
			sourceTree = "<group>";
		};
		9F341F53EBA485B090A259AB /* Frameworks */ = {
			isa = PBXGroup;
			children = (
				DBDEBBCB4B4AB0BA61DDB4AA /* Pods_MagicOcean.framework */,
			);
			name = Frameworks;
			sourceTree = "<group>";
		};
/* End PBXGroup section */

/* Begin PBXNativeTarget section */
		943FE2A81D07BDB800877358 /* MagicOcean */ = {
			isa = PBXNativeTarget;
			buildConfigurationList = 943FE2BB1D07BDB900877358 /* Build configuration list for PBXNativeTarget "MagicOcean" */;
			buildPhases = (
				E4F92A7E63EAA1FBD2CCE5F7 /* [CP] Check Pods Manifest.lock */,
				943FE2A51D07BDB800877358 /* Sources */,
				943FE2A61D07BDB800877358 /* Frameworks */,
				943FE2A71D07BDB800877358 /* Resources */,
				465C81C6D2186FBB14025E04 /* [CP] Embed Pods Frameworks */,
				DD25AA8A4B437708485839D5 /* [CP] Copy Pods Resources */,
			);
			buildRules = (
			);
			dependencies = (
			);
			name = MagicOcean;
			productName = MagicOcean;
			productReference = 943FE2A91D07BDB800877358 /* MagicOcean.app */;
			productType = "com.apple.product-type.application";
		};
/* End PBXNativeTarget section */

/* Begin PBXProject section */
		943FE2A11D07BDB800877358 /* Project object */ = {
			isa = PBXProject;
			attributes = {
				LastSwiftUpdateCheck = 0730;
				LastUpgradeCheck = 0800;
				ORGANIZATIONNAME = "Wu Hengmin";
				TargetAttributes = {
					943FE2A81D07BDB800877358 = {
						CreatedOnToolsVersion = 7.3.1;
						DevelopmentTeam = W3729NL2Z2;
						LastSwiftMigration = 0800;
					};
				};
			};
			buildConfigurationList = 943FE2A41D07BDB800877358 /* Build configuration list for PBXProject "MagicOcean" */;
			compatibilityVersion = "Xcode 3.2";
			developmentRegion = English;
			hasScannedForEncodings = 0;
			knownRegions = (
				en,
				Base,
			);
			mainGroup = 943FE2A01D07BDB800877358;
			productRefGroup = 943FE2AA1D07BDB800877358 /* Products */;
			projectDirPath = "";
			projectRoot = "";
			targets = (
				943FE2A81D07BDB800877358 /* MagicOcean */,
			);
		};
/* End PBXProject section */

/* Begin PBXResourcesBuildPhase section */
		943FE2A71D07BDB800877358 /* Resources */ = {
			isa = PBXResourcesBuildPhase;
			buildActionMask = 2147483647;
			files = (
				943FE2B71D07BDB900877358 /* LaunchScreen.storyboard in Resources */,
				943FE2B41D07BDB900877358 /* Assets.xcassets in Resources */,
				943FE2B21D07BDB900877358 /* Main.storyboard in Resources */,
			);
			runOnlyForDeploymentPostprocessing = 0;
		};
/* End PBXResourcesBuildPhase section */

/* Begin PBXShellScriptBuildPhase section */
		465C81C6D2186FBB14025E04 /* [CP] Embed Pods Frameworks */ = {
			isa = PBXShellScriptBuildPhase;
			buildActionMask = 2147483647;
			files = (
			);
			inputPaths = (
			);
			name = "[CP] Embed Pods Frameworks";
			outputPaths = (
			);
			runOnlyForDeploymentPostprocessing = 0;
			shellPath = /bin/sh;
			shellScript = "\"${SRCROOT}/Pods/Target Support Files/Pods-MagicOcean/Pods-MagicOcean-frameworks.sh\"\n";
			showEnvVarsInLog = 0;
		};
		DD25AA8A4B437708485839D5 /* [CP] Copy Pods Resources */ = {
			isa = PBXShellScriptBuildPhase;
			buildActionMask = 2147483647;
			files = (
			);
			inputPaths = (
			);
			name = "[CP] Copy Pods Resources";
			outputPaths = (
			);
			runOnlyForDeploymentPostprocessing = 0;
			shellPath = /bin/sh;
			shellScript = "\"${SRCROOT}/Pods/Target Support Files/Pods-MagicOcean/Pods-MagicOcean-resources.sh\"\n";
			showEnvVarsInLog = 0;
		};
		E4F92A7E63EAA1FBD2CCE5F7 /* [CP] Check Pods Manifest.lock */ = {
			isa = PBXShellScriptBuildPhase;
			buildActionMask = 2147483647;
			files = (
			);
			inputPaths = (
			);
			name = "[CP] Check Pods Manifest.lock";
			outputPaths = (
			);
			runOnlyForDeploymentPostprocessing = 0;
			shellPath = /bin/sh;
			shellScript = "diff \"${PODS_ROOT}/../Podfile.lock\" \"${PODS_ROOT}/Manifest.lock\" > /dev/null\nif [[ $? != 0 ]] ; then\n    cat << EOM\nerror: The sandbox is not in sync with the Podfile.lock. Run 'pod install' or update your CocoaPods installation.\nEOM\n    exit 1\nfi\n";
			showEnvVarsInLog = 0;
		};
/* End PBXShellScriptBuildPhase section */

/* Begin PBXSourcesBuildPhase section */
		943FE2A51D07BDB800877358 /* Sources */ = {
			isa = PBXSourcesBuildPhase;
			buildActionMask = 2147483647;
			files = (
				94D1E0F61D0D5FF50043E41D /* Account.swift in Sources */,
				94D1E0FD1D0E4CB40043E41D /* Login.swift in Sources */,
				94D3B4A01D0E6C42001E8807 /* DropletsCell.swift in Sources */,
				94D3B4AD1D0E80F0001E8807 /* DropletDetail.swift in Sources */,
				9419E1F01D17B6EF00FAE085 /* RegionCell.swift in Sources */,
				94D3B4B51D0E8D29001E8807 /* Droplet.swift in Sources */,
				9401C5621D179399001B5148 /* ImageCell.swift in Sources */,
				9430C2541D16AA0E0033F819 /* SizeTableView.swift in Sources */,
				9430C25A1D16B0460033F819 /* AddNewSSHKey.swift in Sources */,
				9430C2581D16AA290033F819 /* SSHKeyTableView.swift in Sources */,
				9419E1F21D17BAA500FAE085 /* SSHKeyCell.swift in Sources */,
				9430C2561D16AA1D0033F819 /* RegionTableView.swift in Sources */,
				9401C5641D17945A001B5148 /* ImageTableView.swift in Sources */,
				943FE2AD1D07BDB900877358 /* AppDelegate.swift in Sources */,
				94D1E0F91D0E4C980043E41D /* Config.swift in Sources */,
				94D3B4A31D0E7639001E8807 /* AccountController.swift in Sources */,
				94D3B4AB1D0E80E9001E8807 /* DropletsViewController.swift in Sources */,
				9430C2501D167EAE0033F819 /* AddNewDroplet.swift in Sources */,
				9419E1EE1D17AEC100FAE085 /* SizeCell.swift in Sources */,
				94D3B4B11D0E8191001E8807 /* Tools.swift in Sources */,
				94B7E4E31D190D6E0039483B /* Global.swift in Sources */,
			);
			runOnlyForDeploymentPostprocessing = 0;
		};
/* End PBXSourcesBuildPhase section */

/* Begin PBXVariantGroup section */
		943FE2B01D07BDB900877358 /* Main.storyboard */ = {
			isa = PBXVariantGroup;
			children = (
				943FE2B11D07BDB900877358 /* Base */,
			);
			name = Main.storyboard;
			sourceTree = "<group>";
		};
		943FE2B51D07BDB900877358 /* LaunchScreen.storyboard */ = {
			isa = PBXVariantGroup;
			children = (
				943FE2B61D07BDB900877358 /* Base */,
			);
			name = LaunchScreen.storyboard;
			sourceTree = "<group>";
		};
/* End PBXVariantGroup section */

/* Begin XCBuildConfiguration section */
		943FE2B91D07BDB900877358 /* Debug */ = {
			isa = XCBuildConfiguration;
			buildSettings = {
				ALWAYS_SEARCH_USER_PATHS = NO;
				CLANG_ANALYZER_NONNULL = YES;
				CLANG_CXX_LANGUAGE_STANDARD = "gnu++0x";
				CLANG_CXX_LIBRARY = "libc++";
				CLANG_ENABLE_MODULES = YES;
				CLANG_ENABLE_OBJC_ARC = YES;
				CLANG_WARN_BOOL_CONVERSION = YES;
				CLANG_WARN_CONSTANT_CONVERSION = YES;
				CLANG_WARN_DIRECT_OBJC_ISA_USAGE = YES_ERROR;
				CLANG_WARN_EMPTY_BODY = YES;
				CLANG_WARN_ENUM_CONVERSION = YES;
				CLANG_WARN_INT_CONVERSION = YES;
				CLANG_WARN_OBJC_ROOT_CLASS = YES_ERROR;
				CLANG_WARN_UNREACHABLE_CODE = YES;
				CLANG_WARN__DUPLICATE_METHOD_MATCH = YES;
				"CODE_SIGN_IDENTITY[sdk=iphoneos*]" = "iPhone Developer";
				COPY_PHASE_STRIP = NO;
				DEBUG_INFORMATION_FORMAT = dwarf;
				ENABLE_STRICT_OBJC_MSGSEND = YES;
				ENABLE_TESTABILITY = YES;
				GCC_C_LANGUAGE_STANDARD = gnu99;
				GCC_DYNAMIC_NO_PIC = NO;
				GCC_NO_COMMON_BLOCKS = YES;
				GCC_OPTIMIZATION_LEVEL = 0;
				GCC_PREPROCESSOR_DEFINITIONS = (
					"DEBUG=1",
					"$(inherited)",
				);
				GCC_WARN_64_TO_32_BIT_CONVERSION = YES;
				GCC_WARN_ABOUT_RETURN_TYPE = YES_ERROR;
				GCC_WARN_UNDECLARED_SELECTOR = YES;
				GCC_WARN_UNINITIALIZED_AUTOS = YES_AGGRESSIVE;
				GCC_WARN_UNUSED_FUNCTION = YES;
				GCC_WARN_UNUSED_VARIABLE = YES;
				IPHONEOS_DEPLOYMENT_TARGET = 9.3;
				MTL_ENABLE_DEBUG_INFO = YES;
				ONLY_ACTIVE_ARCH = YES;
				SDKROOT = iphoneos;
				SWIFT_OPTIMIZATION_LEVEL = "-Onone";
			};
			name = Debug;
		};
		943FE2BA1D07BDB900877358 /* Release */ = {
			isa = XCBuildConfiguration;
			buildSettings = {
				ALWAYS_SEARCH_USER_PATHS = NO;
				CLANG_ANALYZER_NONNULL = YES;
				CLANG_CXX_LANGUAGE_STANDARD = "gnu++0x";
				CLANG_CXX_LIBRARY = "libc++";
				CLANG_ENABLE_MODULES = YES;
				CLANG_ENABLE_OBJC_ARC = YES;
				CLANG_WARN_BOOL_CONVERSION = YES;
				CLANG_WARN_CONSTANT_CONVERSION = YES;
				CLANG_WARN_DIRECT_OBJC_ISA_USAGE = YES_ERROR;
				CLANG_WARN_EMPTY_BODY = YES;
				CLANG_WARN_ENUM_CONVERSION = YES;
				CLANG_WARN_INT_CONVERSION = YES;
				CLANG_WARN_OBJC_ROOT_CLASS = YES_ERROR;
				CLANG_WARN_UNREACHABLE_CODE = YES;
				CLANG_WARN__DUPLICATE_METHOD_MATCH = YES;
				"CODE_SIGN_IDENTITY[sdk=iphoneos*]" = "iPhone Developer";
				COPY_PHASE_STRIP = NO;
				DEBUG_INFORMATION_FORMAT = "dwarf-with-dsym";
				ENABLE_NS_ASSERTIONS = NO;
				ENABLE_STRICT_OBJC_MSGSEND = YES;
				GCC_C_LANGUAGE_STANDARD = gnu99;
				GCC_NO_COMMON_BLOCKS = YES;
				GCC_WARN_64_TO_32_BIT_CONVERSION = YES;
				GCC_WARN_ABOUT_RETURN_TYPE = YES_ERROR;
				GCC_WARN_UNDECLARED_SELECTOR = YES;
				GCC_WARN_UNINITIALIZED_AUTOS = YES_AGGRESSIVE;
				GCC_WARN_UNUSED_FUNCTION = YES;
				GCC_WARN_UNUSED_VARIABLE = YES;
				IPHONEOS_DEPLOYMENT_TARGET = 9.3;
				MTL_ENABLE_DEBUG_INFO = NO;
				SDKROOT = iphoneos;
				VALIDATE_PRODUCT = YES;
			};
			name = Release;
		};
		943FE2BC1D07BDB900877358 /* Debug */ = {
			isa = XCBuildConfiguration;
			baseConfigurationReference = 7813C4F4B9350F5BD05753C3 /* Pods-MagicOcean.debug.xcconfig */;
			buildSettings = {
				ALWAYS_EMBED_SWIFT_STANDARD_LIBRARIES = YES;
				ASSETCATALOG_COMPILER_APPICON_NAME = AppIcon;
				CODE_SIGN_IDENTITY = "iPhone Developer";
				"CODE_SIGN_IDENTITY[sdk=iphoneos*]" = "iPhone Developer";
				INFOPLIST_FILE = MagicOcean/Info.plist;
				IPHONEOS_DEPLOYMENT_TARGET = 9.0;
				LD_RUNPATH_SEARCH_PATHS = "$(inherited) @executable_path/Frameworks";
				PRODUCT_BUNDLE_IDENTIFIER = com.moonagic.magicocean;
				PRODUCT_NAME = "$(TARGET_NAME)";
				PROVISIONING_PROFILE = "";
				SWIFT_OBJC_BRIDGING_HEADER = "";
				SWIFT_VERSION = 3.0;
			};
			name = Debug;
		};
		943FE2BD1D07BDB900877358 /* Release */ = {
			isa = XCBuildConfiguration;
			baseConfigurationReference = 388827E9E6C6D01607D0C00D /* Pods-MagicOcean.release.xcconfig */;
			buildSettings = {
				ALWAYS_EMBED_SWIFT_STANDARD_LIBRARIES = YES;
				ASSETCATALOG_COMPILER_APPICON_NAME = AppIcon;
				CODE_SIGN_IDENTITY = "iPhone Developer";
				"CODE_SIGN_IDENTITY[sdk=iphoneos*]" = "iPhone Developer";
				INFOPLIST_FILE = MagicOcean/Info.plist;
				IPHONEOS_DEPLOYMENT_TARGET = 9.0;
				LD_RUNPATH_SEARCH_PATHS = "$(inherited) @executable_path/Frameworks";
				PRODUCT_BUNDLE_IDENTIFIER = com.moonagic.magicocean;
				PRODUCT_NAME = "$(TARGET_NAME)";
				PROVISIONING_PROFILE = "";
				SWIFT_OBJC_BRIDGING_HEADER = "";
				SWIFT_OPTIMIZATION_LEVEL = "-Owholemodule";
				SWIFT_VERSION = 3.0;
			};
			name = Release;
		};
/* End XCBuildConfiguration section */

/* Begin XCConfigurationList section */
		943FE2A41D07BDB800877358 /* Build configuration list for PBXProject "MagicOcean" */ = {
			isa = XCConfigurationList;
			buildConfigurations = (
				943FE2B91D07BDB900877358 /* Debug */,
				943FE2BA1D07BDB900877358 /* Release */,
			);
			defaultConfigurationIsVisible = 0;
			defaultConfigurationName = Release;
		};
		943FE2BB1D07BDB900877358 /* Build configuration list for PBXNativeTarget "MagicOcean" */ = {
			isa = XCConfigurationList;
			buildConfigurations = (
				943FE2BC1D07BDB900877358 /* Debug */,
				943FE2BD1D07BDB900877358 /* Release */,
			);
			defaultConfigurationIsVisible = 0;
			defaultConfigurationName = Release;
		};
/* End XCConfigurationList section */
	};
	rootObject = 943FE2A11D07BDB800877358 /* Project object */;
}
